
Microsoft Visual Studio Solution File, Format Version 12.00
# Visual Studio Version 16
VisualStudioVersion = 16.0.28922.388
MinimumVisualStudioVersion = 10.0.40219.1
Project("{8BC9CEB8-8B4A-11D0-8D11-00A0C91BC942}") = "open-gl", "OpenGL-Superbible.vcxproj", "{D1D1A658-1A7E-435B-89B5-64EFA9C5FE2A}"
EndProject
Global
	GlobalSection(SolutionConfigurationPlatforms) = preSolution
		Debug|Win32 = Debug|Win32
		Debug|x64 = Debug|x64
		Release|Win32 = Release|Win32
		Release|x64 = Release|x64
	EndGlobalSection
	GlobalSection(ProjectConfigurationPlatforms) = postSolution
		{D1D1A658-1A7E-435B-89B5-64EFA9C5FE2A}.Debug|Win32.ActiveCfg = Debug|Win32
		{D1D1A658-1A7E-435B-89B5-64EFA9C5FE2A}.Debug|Win32.Build.0 = Debug|Win32
		{D1D1A658-1A7E-435B-89B5-64EFA9C5FE2A}.Debug|x64.ActiveCfg = Debug|x64
		{D1D1A658-1A7E-435B-89B5-64EFA9C5FE2A}.Debug|x64.Build.0 = Debug|x64
		{D1D1A658-1A7E-435B-89B5-64EFA9C5FE2A}.Release|Win32.ActiveCfg = Release|Win32
		{D1D1A658-1A7E-435B-89B5-64EFA9C5FE2A}.Release|Win32.Build.0 = Release|Win32
		{D1D1A658-1A7E-435B-89B5-64EFA9C5FE2A}.Release|x64.ActiveCfg = Release|x64
		{D1D1A658-1A7E-435B-89B5-64EFA9C5FE2A}.Release|x64.Build.0 = Release|x64
	EndGlobalSection
	GlobalSection(SolutionProperties) = preSolution
		HideSolutionNode = FALSE
	EndGlobalSection
	GlobalSection(ExtensibilityGlobals) = postSolution
		SolutionGuid = {3FDBB4DB-C936-4F5C-BA41-1C0879478AA1}
	EndGlobalSection
EndGlobal
