<?xml version="1.0" encoding="utf-8"?>
<Project ToolsVersion="4.0" xmlns="http://schemas.microsoft.com/developer/msbuild/2003">
  <ItemGroup>
    <Filter Include="Source Files">
      <UniqueIdentifier>{4FC737F1-C7A5-4376-A066-2A32D752A2FF}</UniqueIdentifier>
      <Extensions>cpp;c;cc;cxx;def;odl;idl;hpj;bat;asm;asmx</Extensions>
    </Filter>
    <Filter Include="Header Files">
      <UniqueIdentifier>{93995380-89BD-4b04-88EB-625FBE52EBFB}</UniqueIdentifier>
      <Extensions>h;hh;hpp;hxx;hm;inl;inc;ipp;xsd</Extensions>
    </Filter>
    <Filter Include="Resource Files">
      <UniqueIdentifier>{67DA6AB6-F800-4c08-8B7A-83BB121AAD01}</UniqueIdentifier>
      <Extensions>rc;ico;cur;bmp;dlg;rc2;rct;bin;rgs;gif;jpg;jpeg;jpe;resx;tiff;tif;png;wav;mfcribbon-ms</Extensions>
    </Filter>
    <Filter Include="Source Files\src">
      <UniqueIdentifier>{602cf5d1-33bb-42f6-b16f-d146b586b1a2}</UniqueIdentifier>
    </Filter>
    <Filter Include="Header Files\imgui">
      <UniqueIdentifier>{5a9f34af-d844-4374-b66a-387742a72b38}</UniqueIdentifier>
    </Filter>
    <Filter Include="Source Files\imgui">
      <UniqueIdentifier>{6b64b3bf-84f7-4b14-ac44-22a660a6f86b}</UniqueIdentifier>
    </Filter>
    <Filter Include="Header Files\stb">
      <UniqueIdentifier>{61af9162-3af8-42d0-99bb-f9fe2e57a773}</UniqueIdentifier>
    </Filter>
    <Filter Include="Header Files\Indigo">
      <UniqueIdentifier>{77515ec8-b8f9-47d5-9411-94c52b2251a4}</UniqueIdentifier>
    </Filter>
    <Filter Include="Source Files\shaders">
      <UniqueIdentifier>{9bb115db-f90b-4253-8cae-5bf1afd11048}</UniqueIdentifier>
    </Filter>
  </ItemGroup>
  <ItemGroup>
    <ClCompile Include="extern\imgui\imgui\imgui.cpp">
      <Filter>Source Files\imgui</Filter>
    </ClCompile>
    <ClCompile Include="extern\imgui\imgui\imgui_demo.cpp">
      <Filter>Source Files\imgui</Filter>
    </ClCompile>
    <ClCompile Include="extern\imgui\imgui\imgui_draw.cpp">
      <Filter>Source Files\imgui</Filter>
    </ClCompile>
    <ClCompile Include="extern\imgui\imgui\imgui_impl_glfw.cpp">
      <Filter>Source Files\imgui</Filter>
    </ClCompile>
    <ClCompile Include="extern\imgui\imgui\imgui_impl_opengl3.cpp">
      <Filter>Source Files\imgui</Filter>
    </ClCompile>
    <ClCompile Include="extern\imgui\imgui\imgui_widgets.cpp">
      <Filter>Source Files\imgui</Filter>
    </ClCompile>
    <ClCompile Include="src\Camera.cpp">
      <Filter>Source Files\src</Filter>
    </ClCompile>
    <ClCompile Include="src\Cubemap.cpp">
      <Filter>Source Files\src</Filter>
    </ClCompile>
    <ClCompile Include="src\ErrorHandler.cpp">
      <Filter>Source Files\src</Filter>
    </ClCompile>
    <ClCompile Include="src\File.cpp">
      <Filter>Source Files\src</Filter>
    </ClCompile>
    <ClCompile Include="src\FrameBuffer.cpp">
      <Filter>Source Files\src</Filter>
    </ClCompile>
    <ClCompile Include="src\Light.cpp">
      <Filter>Source Files\src</Filter>
    </ClCompile>
    <ClCompile Include="src\Mesh.cpp">
      <Filter>Source Files\src</Filter>
    </ClCompile>
    <ClCompile Include="src\Model.cpp">
      <Filter>Source Files\src</Filter>
    </ClCompile>
    <ClCompile Include="src\Renderer.cpp">
      <Filter>Source Files\src</Filter>
    </ClCompile>
    <ClCompile Include="src\ShaderProgram.cpp">
      <Filter>Source Files\src</Filter>
    </ClCompile>
    <ClCompile Include="src\Texture.cpp">
      <Filter>Source Files\src</Filter>
    </ClCompile>
    <ClCompile Include="src\Primitive.cpp">
      <Filter>Source Files\src</Filter>
    </ClCompile>
    <ClCompile Include="src\DepthMap.cpp">
      <Filter>Source Files\src</Filter>
    </ClCompile>
    <ClCompile Include="src\main.cpp">
      <Filter>Source Files</Filter>
    </ClCompile>
    <ClCompile Include="demos\normals\normals.cpp">
      <Filter>Source Files\src</Filter>
    </ClCompile>
    <ClCompile Include="demos\instancing\instancing.cpp">
      <Filter>Source Files</Filter>
    </ClCompile>
    <ClCompile Include="src\GUI.cpp">
      <Filter>Source Files</Filter>
    </ClCompile>
    <ClCompile Include="demos\template\demo.cpp">
      <Filter>Source Files</Filter>
    </ClCompile>
    <ClCompile Include="demos\compute-basic\compute.cpp">
      <Filter>Source Files</Filter>
    </ClCompile>
  </ItemGroup>
  <ItemGroup>
    <ClInclude Include="src\ReadFile.h">
      <Filter>Header Files</Filter>
    </ClInclude>
    <ClInclude Include="extern\imgui\imgui\imconfig.h">
      <Filter>Header Files\imgui</Filter>
    </ClInclude>
    <ClInclude Include="extern\imgui\imgui\imgui.h">
      <Filter>Header Files\imgui</Filter>
    </ClInclude>
    <ClInclude Include="extern\imgui\imgui\imgui_impl_glfw.h">
      <Filter>Header Files\imgui</Filter>
    </ClInclude>
    <ClInclude Include="extern\imgui\imgui\imgui_impl_opengl3.h">
      <Filter>Header Files\imgui</Filter>
    </ClInclude>
    <ClInclude Include="extern\imgui\imgui\imgui_internal.h">
      <Filter>Header Files\imgui</Filter>
    </ClInclude>
    <ClInclude Include="extern\imgui\imgui\imstb_rectpack.h">
      <Filter>Header Files\imgui</Filter>
    </ClInclude>
    <ClInclude Include="extern\imgui\imgui\imstb_textedit.h">
      <Filter>Header Files\imgui</Filter>
    </ClInclude>
    <ClInclude Include="extern\imgui\imgui\imstb_truetype.h">
      <Filter>Header Files\imgui</Filter>
    </ClInclude>
    <ClInclude Include="extern\stb\stb_image.h">
      <Filter>Header Files\stb</Filter>
    </ClInclude>
    <ClInclude Include="include\Camera.h">
      <Filter>Header Files</Filter>
    </ClInclude>
    <ClInclude Include="include\Cubemap.h">
      <Filter>Header Files</Filter>
    </ClInclude>
    <ClInclude Include="include\ErrorHandler.h">
      <Filter>Header Files</Filter>
    </ClInclude>
    <ClInclude Include="include\File.h">
      <Filter>Header Files</Filter>
    </ClInclude>
    <ClInclude Include="include\FrameBuffer.h">
      <Filter>Header Files</Filter>
    </ClInclude>
    <ClInclude Include="include\GUI.h">
      <Filter>Header Files</Filter>
    </ClInclude>
    <ClInclude Include="include\Light.h">
      <Filter>Header Files</Filter>
    </ClInclude>
    <ClInclude Include="include\Mesh.h">
      <Filter>Header Files</Filter>
    </ClInclude>
    <ClInclude Include="include\Model.h">
      <Filter>Header Files</Filter>
    </ClInclude>
    <ClInclude Include="include\OpenGL.h">
      <Filter>Header Files</Filter>
    </ClInclude>
    <ClInclude Include="include\Plane.h">
      <Filter>Header Files</Filter>
    </ClInclude>
    <ClInclude Include="include\Renderer.h">
      <Filter>Header Files</Filter>
    </ClInclude>
    <ClInclude Include="include\Shader.h">
      <Filter>Header Files</Filter>
    </ClInclude>
    <ClInclude Include="include\ShaderProgram.h">
      <Filter>Header Files</Filter>
    </ClInclude>
    <ClInclude Include="include\Texture.h">
      <Filter>Header Files</Filter>
    </ClInclude>
    <ClInclude Include="include\Primitive.h">
      <Filter>Header Files</Filter>
    </ClInclude>
    <ClInclude Include="include\DepthMap.h">
      <Filter>Header Files</Filter>
    </ClInclude>
    <ClInclude Include="include\Indigo\Indigo.h">
      <Filter>Header Files</Filter>
    </ClInclude>
    <ClInclude Include="extern\glew\include\GL\glew.h">
      <Filter>Header Files</Filter>
    </ClInclude>
    <ClInclude Include="extern\OpenGL\OpenGL\glext.h">
      <Filter>Header Files</Filter>
    </ClInclude>
    <ClInclude Include="demos\normals\normals.h">
      <Filter>Header Files</Filter>
    </ClInclude>
    <ClInclude Include="demos\instancing\instancing.h">
      <Filter>Header Files</Filter>
    </ClInclude>
    <ClInclude Include="demos\template\demo.h">
      <Filter>Header Files</Filter>
    </ClInclude>
    <ClInclude Include="demos\compute-basic\compute.h">
      <Filter>Header Files</Filter>
    </ClInclude>
  </ItemGroup>
  <ItemGroup>
    <None Include="res\shaders\basic\basic.frag">
      <Filter>Resource Files</Filter>
    </None>
    <None Include="res\shaders\material\basic.frag">
      <Filter>Resource Files</Filter>
    </None>
    <None Include="res\shaders\basic\basic.geom">
      <Filter>Resource Files</Filter>
    </None>
    <None Include="res\shaders\basic\basic.tesc">
      <Filter>Resource Files</Filter>
    </None>
    <None Include="res\shaders\basic\basic.tese">
      <Filter>Resource Files</Filter>
    </None>
    <None Include="res\shaders\basic\basic.vert">
      <Filter>Resource Files</Filter>
    </None>
    <None Include="res\shaders\basic\border.frag">
      <Filter>Resource Files</Filter>
    </None>
    <None Include="res\shaders\lighting\combined.frag">
      <Filter>Resource Files</Filter>
    </None>
    <None Include="res\shaders\basic\depth-test.frag">
      <Filter>Resource Files</Filter>
    </None>
    <None Include="res\shaders\lighting\directional.frag">
      <Filter>Resource Files</Filter>
    </None>
    <None Include="res\shaders\basic\fbo.vert">
      <Filter>Resource Files</Filter>
    </None>
    <None Include="res\shaders\kernels.frag">
      <Filter>Resource Files</Filter>
    </None>
    <None Include="res\shaders\lighting\lamp.frag">
      <Filter>Resource Files</Filter>
    </None>
    <None Include="res\shaders\lighting\lamp.vert">
      <Filter>Resource Files</Filter>
    </None>
    <None Include="res\shaders\lighting\light.frag">
      <Filter>Resource Files</Filter>
    </None>
    <None Include="res\shaders\lighting\light.vert">
      <Filter>Resource Files</Filter>
    </None>
    <None Include="res\shaders\material\maps.frag">
      <Filter>Resource Files</Filter>
    </None>
    <None Include="res\shaders\material\maps.vert">
      <Filter>Resource Files</Filter>
    </None>
    <None Include="res\shaders\lighting\point.frag">
      <Filter>Resource Files</Filter>
    </None>
    <None Include="res\shaders\lighting\spotlight.frag">
      <Filter>Resource Files</Filter>
    </None>
    <None Include="res\shaders\basic\texture.frag">
      <Filter>Resource Files</Filter>
    </None>
    <None Include="res\shaders\environment\cubemap.frag">
      <Filter>Resource Files</Filter>
    </None>
    <None Include="res\shaders\environment\cubemap.vert">
      <Filter>Resource Files</Filter>
    </None>
    <None Include="res\shaders\basic\depth-map.frag">
      <Filter>Source Files\shaders</Filter>
    </None>
    <None Include="res\shaders\basic\depth-map.vert">
      <Filter>Source Files\shaders</Filter>
    </None>
    <None Include="res\shaders\basic\empty.frag">
      <Filter>Source Files\shaders</Filter>
    </None>
    <None Include="res\shaders\environment\environment.vert">
      <Filter>Source Files\shaders</Filter>
    </None>
    <None Include="res\shaders\exploding.geom">
      <Filter>Source Files\shaders</Filter>
    </None>
    <None Include="res\shaders\primitive\house.frag">
      <Filter>Source Files\shaders</Filter>
    </None>
    <None Include="res\shaders\primitive\house.geom">
      <Filter>Source Files\shaders</Filter>
    </None>
    <None Include="res\shaders\primitive\house.vert">
      <Filter>Source Files\shaders</Filter>
    </None>
    <None Include="res\shaders\instance.vert">
      <Filter>Source Files\shaders</Filter>
    </None>
    <None Include="res\shaders\normals.geom">
      <Filter>Source Files\shaders</Filter>
    </None>
    <None Include="res\shaders\basic\quad.vert">
      <Filter>Source Files\shaders</Filter>
    </None>
    <None Include="res\shaders\environment\reflection.frag">
      <Filter>Source Files\shaders</Filter>
    </None>
    <None Include="res\shaders\environment\refraction.frag">
      <Filter>Source Files\shaders</Filter>
    </None>
    <None Include="res\shaders\basic\shadow-map.frag">
      <Filter>Source Files\shaders</Filter>
    </None>
    <None Include="res\shaders\basic\shadow-map.vert">
      <Filter>Source Files\shaders</Filter>
    </None>
    <None Include="res\shaders\yellow.frag">
      <Filter>Source Files\shaders</Filter>
    </None>
    <None Include="res\shaders\model\normals.frag">
      <Filter>Resource Files</Filter>
    </None>
    <None Include="res\shaders\model\normals.vert">
      <Filter>Resource Files</Filter>
    </None>
    <None Include="res\shaders\model\basic.vert" />
    <None Include="res\shaders\primitive\quad.vert" />
    <None Include="res\shaders\primitive\quad.frag" />
    <None Include="res\shaders\basic.comp" />
  </ItemGroup>
  <ItemGroup>
    <Text Include="conanfile.txt">
      <Filter>Resource Files</Filter>
    </Text>
  </ItemGroup>
</Project>